github.com/nsdcf/nsdcf-shared-content v0.0.0-20220425190523-92d91024c50c h1:JHTXWnljPh1LY/h+WZ9pZpcrTxNX9Y/gV5dAYWki7qc=
github.com/nsdcf/nsdcf-shared-content v0.0.0-20220425190523-92d91024c50c/go.mod h1:rDo9svMWtl9RshAuhzi3Qp8UmVDjRcsOwRKc5EXjiYk=
github.com/nsdcf/nsdcf-shared-content v0.0.0-20230731163023-1feb41f2cd18 h1:X3tmR2KJ7j0vx67XLHP32abmbDti7t6t+NlzVhrQLzA=
github.com/nsdcf/nsdcf-shared-content v0.0.0-20230731163023-1feb41f2cd18/go.mod h1:rDo9svMWtl9RshAuhzi3Qp8UmVDjRcsOwRKc5EXjiYk=
github.com/nsdcf/nsdcf-shared-content v0.0.0-20230731194911-72529fb72051 h1:+sEIhnoUK3JURxZ6CQKHX07S6iDPwJ0xC9sJ5iLhM1A=
github.com/nsdcf/nsdcf-shared-content v0.0.0-20230731194911-72529fb72051/go.mod h1:rDo9svMWtl9RshAuhzi3Qp8UmVDjRcsOwRKc5EXjiYk=
github.com/nsdcf/nsdcf-theme v0.0.0-20230325183444-c2293082df1c h1:bUvvo6C2T20ENqO3L7RDIWUYZZDUCsx07x1Q92eUE+c=
github.com/nsdcf/nsdcf-theme v0.0.0-20230325183444-c2293082df1c/go.mod h1:zamWQ6ESoC6XVt6mv7DbBxw/kpz1o0GC8lbIWCVcbuQ=
github.com/nsdcf/nsdcf-theme v0.0.0-20230928140554-3e4a8a1111cf h1:nUfGnxRjpSfUy+vNV2XGHEgrZuoYNjDzW1GPIJsFirg=
github.com/nsdcf/nsdcf-theme v0.0.0-20230928140554-3e4a8a1111cf/go.mod h1:zamWQ6ESoC6XVt6mv7DbBxw/kpz1o0GC8lbIWCVcbuQ=
